PODS:
  - Flutter (1.0.0)
  - native_interop (0.0.1):
    - Flutter

DEPENDENCIES:
  - Flutter (from `Flutter`)
  - native_interop (from `.symlinks/plugins/native_interop/ios`)

EXTERNAL SOURCES:
  Flutter:
    :path: Flutter
  native_interop:
    :path: ".symlinks/plugins/native_interop/ios"

SPEC CHECKSUMS:
  Flutter: 0e3d915762c693b495b44d77113d4970485de6ec
  native_interop: 6daebb52322c7a8be974c044d33296b2510761be

PODFILE CHECKSUM: 8e679eca47255a8ca8067c4c67aab20e64cb974d

COCOAPODS: 1.10.0
