PODS:
  - Flutter (1.0.0)
  - native_interop (0.0.1):
    - Flutter

DEPENDENCIES:
  - Flutter (from `Flutter`)
  - native_interop (from `.symlinks/plugins/native_interop/ios`)

EXTERNAL SOURCES:
  Flutter:
    :path: Flutter
  native_interop:
    :path: ".symlinks/plugins/native_interop/ios"

SPEC CHECKSUMS:
  Flutter: 434fef37c0980e73bb6479ef766c45957d4b510c
  native_interop: a54e1750c6b79921d26d01f269b84b268c3f5485

PODFILE CHECKSUM: 8e679eca47255a8ca8067c4c67aab20e64cb974d

COCOAPODS: 1.10.0
